
Microsoft Visual Studio Solution File, Format Version 12.00
# Visual Studio Version 17
VisualStudioVersion = 17.4.33213.308
MinimumVisualStudioVersion = 10.0.40219.1
Project("{8BC9CEB8-8B4A-11D0-8D11-00A0C91BC942}") = "DX11-OpenXR", "OpenXR-DirectX11-Tutorial\DX11-OpenXR.vcxproj", "{460B5737-75C8-44E3-907F-2D9ADCAB240C}"
EndProject
Project("{8BC9CEB8-8B4A-11D0-8D11-00A0C91BC942}") = "OpenXR-Tutorial-001", "OpenXR-Tutorial-001\OpenXR-Tutorial-001.vcxproj", "{09FD67A4-6986-416E-9CF3-3D7FA8C338D4}"
EndProject
Project("{8BC9CEB8-8B4A-11D0-8D11-00A0C91BC942}") = "OpenXR-Tutorial-002", "OpenXR-Tutorial-002\OpenXR-Tutorial-002.vcxproj", "{FB5B31F0-63B8-46BC-83D4-3D3C8A49CC3C}"
EndProject
Global
	GlobalSection(SolutionConfigurationPlatforms) = preSolution
		Debug|x64 = Debug|x64
		Debug|x86 = Debug|x86
		Release|x64 = Release|x64
		Release|x86 = Release|x86
	EndGlobalSection
	GlobalSection(ProjectConfigurationPlatforms) = postSolution
		{460B5737-75C8-44E3-907F-2D9ADCAB240C}.Debug|x64.ActiveCfg = Debug|x64
		{460B5737-75C8-44E3-907F-2D9ADCAB240C}.Debug|x64.Build.0 = Debug|x64
		{460B5737-75C8-44E3-907F-2D9ADCAB240C}.Debug|x86.ActiveCfg = Debug|Win32
		{460B5737-75C8-44E3-907F-2D9ADCAB240C}.Debug|x86.Build.0 = Debug|Win32
		{460B5737-75C8-44E3-907F-2D9ADCAB240C}.Release|x64.ActiveCfg = Release|x64
		{460B5737-75C8-44E3-907F-2D9ADCAB240C}.Release|x64.Build.0 = Release|x64
		{460B5737-75C8-44E3-907F-2D9ADCAB240C}.Release|x86.ActiveCfg = Release|Win32
		{460B5737-75C8-44E3-907F-2D9ADCAB240C}.Release|x86.Build.0 = Release|Win32
		{09FD67A4-6986-416E-9CF3-3D7FA8C338D4}.Debug|x64.ActiveCfg = Debug|x64
		{09FD67A4-6986-416E-9CF3-3D7FA8C338D4}.Debug|x64.Build.0 = Debug|x64
		{09FD67A4-6986-416E-9CF3-3D7FA8C338D4}.Debug|x86.ActiveCfg = Debug|Win32
		{09FD67A4-6986-416E-9CF3-3D7FA8C338D4}.Debug|x86.Build.0 = Debug|Win32
		{09FD67A4-6986-416E-9CF3-3D7FA8C338D4}.Release|x64.ActiveCfg = Release|x64
		{09FD67A4-6986-416E-9CF3-3D7FA8C338D4}.Release|x64.Build.0 = Release|x64
		{09FD67A4-6986-416E-9CF3-3D7FA8C338D4}.Release|x86.ActiveCfg = Release|Win32
		{09FD67A4-6986-416E-9CF3-3D7FA8C338D4}.Release|x86.Build.0 = Release|Win32
		{FB5B31F0-63B8-46BC-83D4-3D3C8A49CC3C}.Debug|x64.ActiveCfg = Debug|x64
		{FB5B31F0-63B8-46BC-83D4-3D3C8A49CC3C}.Debug|x64.Build.0 = Debug|x64
		{FB5B31F0-63B8-46BC-83D4-3D3C8A49CC3C}.Debug|x86.ActiveCfg = Debug|Win32
		{FB5B31F0-63B8-46BC-83D4-3D3C8A49CC3C}.Debug|x86.Build.0 = Debug|Win32
		{FB5B31F0-63B8-46BC-83D4-3D3C8A49CC3C}.Release|x64.ActiveCfg = Release|x64
		{FB5B31F0-63B8-46BC-83D4-3D3C8A49CC3C}.Release|x64.Build.0 = Release|x64
		{FB5B31F0-63B8-46BC-83D4-3D3C8A49CC3C}.Release|x86.ActiveCfg = Release|Win32
		{FB5B31F0-63B8-46BC-83D4-3D3C8A49CC3C}.Release|x86.Build.0 = Release|Win32
	EndGlobalSection
	GlobalSection(SolutionProperties) = preSolution
		HideSolutionNode = FALSE
	EndGlobalSection
	GlobalSection(ExtensibilityGlobals) = postSolution
		SolutionGuid = {1D01D5B1-C29E-4E9A-AD0E-7F123949C433}
	EndGlobalSection
EndGlobal
